# Generated by pub
# See http://pub.dartlang.org/doc/glossary.html#lockfile
packages:
  browser:
    description: browser
    source: hosted
    version: "0.8.10+3"
  json:
    description: json
    source: hosted
    version: "0.8.10+3"
  simplot:
    description:
      ref: null
      resolved-ref: "41483e4eae094f8c7e5062c48481856b205c761e"
      url: "git://github.com/scribeGriff/simplot.git"
    source: git
    version: "0.1.1"
